// !$*UTF8*$!
{
	archiveVersion = 1;
	classes = {
	};
	objectVersion = 56;
	objects = {

/* Begin PBXBuildFile section */
		DD4FA9F02A2BB79E008DD46D /* Colors.xcassets in Resources */ = {isa = PBXBuildFile; fileRef = DD4FA9EF2A2BB79E008DD46D /* Colors.xcassets */; };
		DD4FA9F22A2BBC51008DD46D /* EditViews.swift in Sources */ = {isa = PBXBuildFile; fileRef = DD4FA9F12A2BBC51008DD46D /* EditViews.swift */; };
		DD4FA9F52A2BBD88008DD46D /* Lottie in Frameworks */ = {isa = PBXBuildFile; productRef = DD4FA9F42A2BBD88008DD46D /* Lottie */; };
		DD4FA9F82A2BBF0A008DD46D /* Animations in Resources */ = {isa = PBXBuildFile; fileRef = DD4FA9F72A2BBF0A008DD46D /* Animations */; };
		DD4FA9FB2A2BBFA8008DD46D /* EmptystateView.xib in Resources */ = {isa = PBXBuildFile; fileRef = DD4FA9FA2A2BBFA8008DD46D /* EmptystateView.xib */; };
		DD4FA9FE2A2BC278008DD46D /* EmptyView.swift in Sources */ = {isa = PBXBuildFile; fileRef = DD4FA9FD2A2BC278008DD46D /* EmptyView.swift */; };
		DD4FAA022A2BDEB5008DD46D /* ProductsCell.xib in Resources */ = {isa = PBXBuildFile; fileRef = DD4FAA002A2BDEB5008DD46D /* ProductsCell.xib */; };
		DD4FAA032A2BDEB5008DD46D /* ProductsCell.swift in Sources */ = {isa = PBXBuildFile; fileRef = DD4FAA012A2BDEB5008DD46D /* ProductsCell.swift */; };
		DD4FAA092A2C00E1008DD46D /* ProductDetail.swift in Sources */ = {isa = PBXBuildFile; fileRef = DD4FAA082A2C00E1008DD46D /* ProductDetail.swift */; };
		DD4FAA0B2A2C016B008DD46D /* Utils.swift in Sources */ = {isa = PBXBuildFile; fileRef = DD4FAA0A2A2C016B008DD46D /* Utils.swift */; };
		DD4FAA0D2A2C0E94008DD46D /* ImagesCell.xib in Resources */ = {isa = PBXBuildFile; fileRef = DD4FAA0C2A2C0E94008DD46D /* ImagesCell.xib */; };
		DD4FAA112A2C1209008DD46D /* APIClientProducts.swift in Sources */ = {isa = PBXBuildFile; fileRef = DD4FAA102A2C1209008DD46D /* APIClientProducts.swift */; };
		DD4FAA142A2C1310008DD46D /* Products.swift in Sources */ = {isa = PBXBuildFile; fileRef = DD4FAA132A2C1310008DD46D /* Products.swift */; };
		DD4FAA162A2C1566008DD46D /* Description.swift in Sources */ = {isa = PBXBuildFile; fileRef = DD4FAA152A2C1566008DD46D /* Description.swift */; };
		DD4FAA192A2C1611008DD46D /* ProductsViewModel.swift in Sources */ = {isa = PBXBuildFile; fileRef = DD4FAA182A2C1611008DD46D /* ProductsViewModel.swift */; };
		DD4FAA1C2A2C2353008DD46D /* ImagesCell.swift in Sources */ = {isa = PBXBuildFile; fileRef = DD4FAA1B2A2C2353008DD46D /* ImagesCell.swift */; };
		DD4FAA212A2C3445008DD46D /* APIClientProductsTest.swift in Sources */ = {isa = PBXBuildFile; fileRef = DD4FAA202A2C3445008DD46D /* APIClientProductsTest.swift */; };
		DDB3C9722A2BA41200D41F65 /* Alamofire in Frameworks */ = {isa = PBXBuildFile; productRef = DDB3C9712A2BA41200D41F65 /* Alamofire */; };
		DDB3C9742A2BA42B00D41F65 /* URLs.swift in Sources */ = {isa = PBXBuildFile; fileRef = DDB3C9732A2BA42B00D41F65 /* URLs.swift */; };
		DDB3C9792A2BA4F500D41F65 /* APIClient.swift in Sources */ = {isa = PBXBuildFile; fileRef = DDB3C9782A2BA4F500D41F65 /* APIClient.swift */; };
		DDB3C97D2A2BA82700D41F65 /* Buscador.swift in Sources */ = {isa = PBXBuildFile; fileRef = DDB3C97C2A2BA82700D41F65 /* Buscador.swift */; };
		DDB3C9802A2BB35100D41F65 /* BuscadorViewModel.swift in Sources */ = {isa = PBXBuildFile; fileRef = DDB3C97F2A2BB35100D41F65 /* BuscadorViewModel.swift */; };
		DDB3C9822A2BB44200D41F65 /* ViewModelBuscadorTest.swift in Sources */ = {isa = PBXBuildFile; fileRef = DDB3C9812A2BB44200D41F65 /* ViewModelBuscadorTest.swift */; };
		DDBCA86C2A2B9D1B00ACFB94 /* AppDelegate.swift in Sources */ = {isa = PBXBuildFile; fileRef = DDBCA86B2A2B9D1B00ACFB94 /* AppDelegate.swift */; };
		DDBCA86E2A2B9D1B00ACFB94 /* SceneDelegate.swift in Sources */ = {isa = PBXBuildFile; fileRef = DDBCA86D2A2B9D1B00ACFB94 /* SceneDelegate.swift */; };
		DDBCA8702A2B9D1B00ACFB94 /* BuscadorVC.swift in Sources */ = {isa = PBXBuildFile; fileRef = DDBCA86F2A2B9D1B00ACFB94 /* BuscadorVC.swift */; };
		DDBCA8732A2B9D1B00ACFB94 /* Main.storyboard in Resources */ = {isa = PBXBuildFile; fileRef = DDBCA8712A2B9D1B00ACFB94 /* Main.storyboard */; };
		DDBCA8752A2B9D1C00ACFB94 /* Assets.xcassets in Resources */ = {isa = PBXBuildFile; fileRef = DDBCA8742A2B9D1C00ACFB94 /* Assets.xcassets */; };
		DDBCA8782A2B9D1C00ACFB94 /* LaunchScreen.storyboard in Resources */ = {isa = PBXBuildFile; fileRef = DDBCA8762A2B9D1C00ACFB94 /* LaunchScreen.storyboard */; };
		DDBCA8832A2B9D1C00ACFB94 /* ApiClientTests.swift in Sources */ = {isa = PBXBuildFile; fileRef = DDBCA8822A2B9D1C00ACFB94 /* ApiClientTests.swift */; };
		DDBCA88D2A2B9D1C00ACFB94 /* MercadoLibreUITests.swift in Sources */ = {isa = PBXBuildFile; fileRef = DDBCA88C2A2B9D1C00ACFB94 /* MercadoLibreUITests.swift */; };
		DDBCA88F2A2B9D1C00ACFB94 /* MercadoLibreUITestsLaunchTests.swift in Sources */ = {isa = PBXBuildFile; fileRef = DDBCA88E2A2B9D1C00ACFB94 /* MercadoLibreUITestsLaunchTests.swift */; };
		DDE78FE62A2C36B900A578C3 /* ViewModelDetailTest.swift in Sources */ = {isa = PBXBuildFile; fileRef = DDE78FE52A2C36B900A578C3 /* ViewModelDetailTest.swift */; };
		DDE78FE82A2C377500A578C3 /* EmptyViewTest.swift in Sources */ = {isa = PBXBuildFile; fileRef = DDE78FE72A2C377500A578C3 /* EmptyViewTest.swift */; };
		DDE78FEA2A2C3BAE00A578C3 /* UtilsTest.swift in Sources */ = {isa = PBXBuildFile; fileRef = DDE78FE92A2C3BAE00A578C3 /* UtilsTest.swift */; };
		DDE78FED2A2C3CD500A578C3 /* SDWebImage in Frameworks */ = {isa = PBXBuildFile; productRef = DDE78FEC2A2C3CD500A578C3 /* SDWebImage */; };
/* End PBXBuildFile section */

/* Begin PBXContainerItemProxy section */
		DDBCA87F2A2B9D1C00ACFB94 /* PBXContainerItemProxy */ = {
			isa = PBXContainerItemProxy;
			containerPortal = DDBCA8602A2B9D1B00ACFB94 /* Project object */;
			proxyType = 1;
			remoteGlobalIDString = DDBCA8672A2B9D1B00ACFB94;
			remoteInfo = MercadoLibre;
		};
		DDBCA8892A2B9D1C00ACFB94 /* PBXContainerItemProxy */ = {
			isa = PBXContainerItemProxy;
			containerPortal = DDBCA8602A2B9D1B00ACFB94 /* Project object */;
			proxyType = 1;
			remoteGlobalIDString = DDBCA8672A2B9D1B00ACFB94;
			remoteInfo = MercadoLibre;
		};
/* End PBXContainerItemProxy section */

/* Begin PBXFileReference section */
		DD4FA9EF2A2BB79E008DD46D /* Colors.xcassets */ = {isa = PBXFileReference; lastKnownFileType = folder.assetcatalog; path = Colors.xcassets; sourceTree = "<group>"; };
		DD4FA9F12A2BBC51008DD46D /* EditViews.swift */ = {isa = PBXFileReference; lastKnownFileType = sourcecode.swift; path = EditViews.swift; sourceTree = "<group>"; };
		DD4FA9F72A2BBF0A008DD46D /* Animations */ = {isa = PBXFileReference; lastKnownFileType = folder; path = Animations; sourceTree = "<group>"; };
		DD4FA9FA2A2BBFA8008DD46D /* EmptystateView.xib */ = {isa = PBXFileReference; lastKnownFileType = file.xib; path = EmptystateView.xib; sourceTree = "<group>"; };
		DD4FA9FD2A2BC278008DD46D /* EmptyView.swift */ = {isa = PBXFileReference; lastKnownFileType = sourcecode.swift; path = EmptyView.swift; sourceTree = "<group>"; };
		DD4FAA002A2BDEB5008DD46D /* ProductsCell.xib */ = {isa = PBXFileReference; fileEncoding = 4; lastKnownFileType = file.xib; path = ProductsCell.xib; sourceTree = "<group>"; };
		DD4FAA012A2BDEB5008DD46D /* ProductsCell.swift */ = {isa = PBXFileReference; fileEncoding = 4; lastKnownFileType = sourcecode.swift; path = ProductsCell.swift; sourceTree = "<group>"; };
		DD4FAA082A2C00E1008DD46D /* ProductDetail.swift */ = {isa = PBXFileReference; lastKnownFileType = sourcecode.swift; path = ProductDetail.swift; sourceTree = "<group>"; };
		DD4FAA0A2A2C016B008DD46D /* Utils.swift */ = {isa = PBXFileReference; lastKnownFileType = sourcecode.swift; path = Utils.swift; sourceTree = "<group>"; };
		DD4FAA0C2A2C0E94008DD46D /* ImagesCell.xib */ = {isa = PBXFileReference; lastKnownFileType = file.xib; path = ImagesCell.xib; sourceTree = "<group>"; };
		DD4FAA102A2C1209008DD46D /* APIClientProducts.swift */ = {isa = PBXFileReference; lastKnownFileType = sourcecode.swift; path = APIClientProducts.swift; sourceTree = "<group>"; };
		DD4FAA132A2C1310008DD46D /* Products.swift */ = {isa = PBXFileReference; lastKnownFileType = sourcecode.swift; path = Products.swift; sourceTree = "<group>"; };
		DD4FAA152A2C1566008DD46D /* Description.swift */ = {isa = PBXFileReference; lastKnownFileType = sourcecode.swift; path = Description.swift; sourceTree = "<group>"; };
		DD4FAA182A2C1611008DD46D /* ProductsViewModel.swift */ = {isa = PBXFileReference; lastKnownFileType = sourcecode.swift; path = ProductsViewModel.swift; sourceTree = "<group>"; };
		DD4FAA1B2A2C2353008DD46D /* ImagesCell.swift */ = {isa = PBXFileReference; lastKnownFileType = sourcecode.swift; path = ImagesCell.swift; sourceTree = "<group>"; };
		DD4FAA202A2C3445008DD46D /* APIClientProductsTest.swift */ = {isa = PBXFileReference; lastKnownFileType = sourcecode.swift; path = APIClientProductsTest.swift; sourceTree = "<group>"; };
		DDB3C9732A2BA42B00D41F65 /* URLs.swift */ = {isa = PBXFileReference; lastKnownFileType = sourcecode.swift; path = URLs.swift; sourceTree = "<group>"; };
		DDB3C9782A2BA4F500D41F65 /* APIClient.swift */ = {isa = PBXFileReference; lastKnownFileType = sourcecode.swift; path = APIClient.swift; sourceTree = "<group>"; };
		DDB3C97C2A2BA82700D41F65 /* Buscador.swift */ = {isa = PBXFileReference; lastKnownFileType = sourcecode.swift; path = Buscador.swift; sourceTree = "<group>"; };
		DDB3C97F2A2BB35100D41F65 /* BuscadorViewModel.swift */ = {isa = PBXFileReference; lastKnownFileType = sourcecode.swift; path = BuscadorViewModel.swift; sourceTree = "<group>"; };
		DDB3C9812A2BB44200D41F65 /* ViewModelBuscadorTest.swift */ = {isa = PBXFileReference; lastKnownFileType = sourcecode.swift; path = ViewModelBuscadorTest.swift; sourceTree = "<group>"; };
		DDBCA8682A2B9D1B00ACFB94 /* MercadoLibre.app */ = {isa = PBXFileReference; explicitFileType = wrapper.application; includeInIndex = 0; path = MercadoLibre.app; sourceTree = BUILT_PRODUCTS_DIR; };
		DDBCA86B2A2B9D1B00ACFB94 /* AppDelegate.swift */ = {isa = PBXFileReference; lastKnownFileType = sourcecode.swift; path = AppDelegate.swift; sourceTree = "<group>"; };
		DDBCA86D2A2B9D1B00ACFB94 /* SceneDelegate.swift */ = {isa = PBXFileReference; lastKnownFileType = sourcecode.swift; path = SceneDelegate.swift; sourceTree = "<group>"; };
		DDBCA86F2A2B9D1B00ACFB94 /* BuscadorVC.swift */ = {isa = PBXFileReference; lastKnownFileType = sourcecode.swift; path = BuscadorVC.swift; sourceTree = "<group>"; };
		DDBCA8722A2B9D1B00ACFB94 /* Base */ = {isa = PBXFileReference; lastKnownFileType = file.storyboard; name = Base; path = Base.lproj/Main.storyboard; sourceTree = "<group>"; };
		DDBCA8742A2B9D1C00ACFB94 /* Assets.xcassets */ = {isa = PBXFileReference; lastKnownFileType = folder.assetcatalog; path = Assets.xcassets; sourceTree = "<group>"; };
		DDBCA8772A2B9D1C00ACFB94 /* Base */ = {isa = PBXFileReference; lastKnownFileType = file.storyboard; name = Base; path = Base.lproj/LaunchScreen.storyboard; sourceTree = "<group>"; };
		DDBCA8792A2B9D1C00ACFB94 /* Info.plist */ = {isa = PBXFileReference; lastKnownFileType = text.plist.xml; path = Info.plist; sourceTree = "<group>"; };
		DDBCA87E2A2B9D1C00ACFB94 /* MercadoLibreTests.xctest */ = {isa = PBXFileReference; explicitFileType = wrapper.cfbundle; includeInIndex = 0; path = MercadoLibreTests.xctest; sourceTree = BUILT_PRODUCTS_DIR; };
		DDBCA8822A2B9D1C00ACFB94 /* ApiClientTests.swift */ = {isa = PBXFileReference; lastKnownFileType = sourcecode.swift; path = ApiClientTests.swift; sourceTree = "<group>"; };
		DDBCA8882A2B9D1C00ACFB94 /* MercadoLibreUITests.xctest */ = {isa = PBXFileReference; explicitFileType = wrapper.cfbundle; includeInIndex = 0; path = MercadoLibreUITests.xctest; sourceTree = BUILT_PRODUCTS_DIR; };
		DDBCA88C2A2B9D1C00ACFB94 /* MercadoLibreUITests.swift */ = {isa = PBXFileReference; lastKnownFileType = sourcecode.swift; path = MercadoLibreUITests.swift; sourceTree = "<group>"; };
		DDBCA88E2A2B9D1C00ACFB94 /* MercadoLibreUITestsLaunchTests.swift */ = {isa = PBXFileReference; lastKnownFileType = sourcecode.swift; path = MercadoLibreUITestsLaunchTests.swift; sourceTree = "<group>"; };
		DDE78FE52A2C36B900A578C3 /* ViewModelDetailTest.swift */ = {isa = PBXFileReference; lastKnownFileType = sourcecode.swift; path = ViewModelDetailTest.swift; sourceTree = "<group>"; };
		DDE78FE72A2C377500A578C3 /* EmptyViewTest.swift */ = {isa = PBXFileReference; lastKnownFileType = sourcecode.swift; path = EmptyViewTest.swift; sourceTree = "<group>"; };
		DDE78FE92A2C3BAE00A578C3 /* UtilsTest.swift */ = {isa = PBXFileReference; lastKnownFileType = sourcecode.swift; path = UtilsTest.swift; sourceTree = "<group>"; };
/* End PBXFileReference section */

/* Begin PBXFrameworksBuildPhase section */
		DDBCA8652A2B9D1B00ACFB94 /* Frameworks */ = {
			isa = PBXFrameworksBuildPhase;
			buildActionMask = 2147483647;
			files = (
				DDE78FED2A2C3CD500A578C3 /* SDWebImage in Frameworks */,
				DDB3C9722A2BA41200D41F65 /* Alamofire in Frameworks */,
				DD4FA9F52A2BBD88008DD46D /* Lottie in Frameworks */,
			);
			runOnlyForDeploymentPostprocessing = 0;
		};
		DDBCA87B2A2B9D1C00ACFB94 /* Frameworks */ = {
			isa = PBXFrameworksBuildPhase;
			buildActionMask = 2147483647;
			files = (
			);
			runOnlyForDeploymentPostprocessing = 0;
		};
		DDBCA8852A2B9D1C00ACFB94 /* Frameworks */ = {
			isa = PBXFrameworksBuildPhase;
			buildActionMask = 2147483647;
			files = (
			);
			runOnlyForDeploymentPostprocessing = 0;
		};
/* End PBXFrameworksBuildPhase section */

/* Begin PBXGroup section */
		DD4FA9F92A2BBF62008DD46D /* XibsComponents */ = {
			isa = PBXGroup;
			children = (
				DD4FAA1A2A2C233A008DD46D /* CellImages */,
				DD4FA9FF2A2BDEA6008DD46D /* CellProduct */,
				DD4FA9FC2A2BC257008DD46D /* EmptyView */,
			);
			path = XibsComponents;
			sourceTree = "<group>";
		};
		DD4FA9FC2A2BC257008DD46D /* EmptyView */ = {
			isa = PBXGroup;
			children = (
				DD4FA9FA2A2BBFA8008DD46D /* EmptystateView.xib */,
				DD4FA9FD2A2BC278008DD46D /* EmptyView.swift */,
			);
			path = EmptyView;
			sourceTree = "<group>";
		};
		DD4FA9FF2A2BDEA6008DD46D /* CellProduct */ = {
			isa = PBXGroup;
			children = (
				DD4FAA002A2BDEB5008DD46D /* ProductsCell.xib */,
				DD4FAA012A2BDEB5008DD46D /* ProductsCell.swift */,
			);
			path = CellProduct;
			sourceTree = "<group>";
		};
		DD4FAA072A2C00BE008DD46D /* ProductDetail */ = {
			isa = PBXGroup;
			children = (
				DD4FAA0E2A2C11D7008DD46D /* MVVM */,
				DD4FAA082A2C00E1008DD46D /* ProductDetail.swift */,
			);
			path = ProductDetail;
			sourceTree = "<group>";
		};
		DD4FAA0E2A2C11D7008DD46D /* MVVM */ = {
			isa = PBXGroup;
			children = (
				DD4FAA172A2C15F8008DD46D /* ViewModel */,
				DD4FAA122A2C1302008DD46D /* Models */,
				DD4FAA0F2A2C11DE008DD46D /* Network */,
			);
			path = MVVM;
			sourceTree = "<group>";
		};
		DD4FAA0F2A2C11DE008DD46D /* Network */ = {
			isa = PBXGroup;
			children = (
				DD4FAA102A2C1209008DD46D /* APIClientProducts.swift */,
			);
			path = Network;
			sourceTree = "<group>";
		};
		DD4FAA122A2C1302008DD46D /* Models */ = {
			isa = PBXGroup;
			children = (
				DD4FAA132A2C1310008DD46D /* Products.swift */,
				DD4FAA152A2C1566008DD46D /* Description.swift */,
			);
			path = Models;
			sourceTree = "<group>";
		};
		DD4FAA172A2C15F8008DD46D /* ViewModel */ = {
			isa = PBXGroup;
			children = (
				DD4FAA182A2C1611008DD46D /* ProductsViewModel.swift */,
			);
			path = ViewModel;
			sourceTree = "<group>";
		};
		DD4FAA1A2A2C233A008DD46D /* CellImages */ = {
			isa = PBXGroup;
			children = (
				DD4FAA0C2A2C0E94008DD46D /* ImagesCell.xib */,
				DD4FAA1B2A2C2353008DD46D /* ImagesCell.swift */,
			);
			path = CellImages;
			sourceTree = "<group>";
		};
		DD4FAA1D2A2C337E008DD46D /* Frameworks */ = {
			isa = PBXGroup;
			children = (
			);
			name = Frameworks;
			sourceTree = "<group>";
		};
		DDB3C9752A2BA43A00D41F65 /* Utils */ = {
			isa = PBXGroup;
			children = (
				DDB3C9732A2BA42B00D41F65 /* URLs.swift */,
				DD4FA9F12A2BBC51008DD46D /* EditViews.swift */,
				DD4FAA0A2A2C016B008DD46D /* Utils.swift */,
			);
			path = Utils;
			sourceTree = "<group>";
		};
		DDB3C9762A2BA4CC00D41F65 /* MVVM */ = {
			isa = PBXGroup;
			children = (
				DDB3C97E2A2BB33B00D41F65 /* ViewModel */,
				DDB3C97A2A2BA7F000D41F65 /* Models */,
				DDB3C9772A2BA4DF00D41F65 /* Network */,
			);
			path = MVVM;
			sourceTree = "<group>";
		};
		DDB3C9772A2BA4DF00D41F65 /* Network */ = {
			isa = PBXGroup;
			children = (
				DDB3C9782A2BA4F500D41F65 /* APIClient.swift */,
			);
			path = Network;
			sourceTree = "<group>";
		};
		DDB3C97A2A2BA7F000D41F65 /* Models */ = {
			isa = PBXGroup;
			children = (
				DDB3C97C2A2BA82700D41F65 /* Buscador.swift */,
			);
			path = Models;
			sourceTree = "<group>";
		};
		DDB3C97B2A2BA80700D41F65 /* Buscador */ = {
			isa = PBXGroup;
			children = (
				DDB3C9762A2BA4CC00D41F65 /* MVVM */,
				DDBCA86F2A2B9D1B00ACFB94 /* BuscadorVC.swift */,
			);
			path = Buscador;
			sourceTree = "<group>";
		};
		DDB3C97E2A2BB33B00D41F65 /* ViewModel */ = {
			isa = PBXGroup;
			children = (
				DDB3C97F2A2BB35100D41F65 /* BuscadorViewModel.swift */,
			);
			path = ViewModel;
			sourceTree = "<group>";
		};
		DDBCA85F2A2B9D1B00ACFB94 = {
			isa = PBXGroup;
			children = (
				DDBCA86A2A2B9D1B00ACFB94 /* MercadoLibre */,
				DDBCA8812A2B9D1C00ACFB94 /* MercadoLibreTests */,
				DDBCA88B2A2B9D1C00ACFB94 /* MercadoLibreUITests */,
				DDBCA8692A2B9D1B00ACFB94 /* Products */,
				DD4FAA1D2A2C337E008DD46D /* Frameworks */,
			);
			sourceTree = "<group>";
		};
		DDBCA8692A2B9D1B00ACFB94 /* Products */ = {
			isa = PBXGroup;
			children = (
				DDBCA8682A2B9D1B00ACFB94 /* MercadoLibre.app */,
				DDBCA87E2A2B9D1C00ACFB94 /* MercadoLibreTests.xctest */,
				DDBCA8882A2B9D1C00ACFB94 /* MercadoLibreUITests.xctest */,
			);
			name = Products;
			sourceTree = "<group>";
		};
		DDBCA86A2A2B9D1B00ACFB94 /* MercadoLibre */ = {
			isa = PBXGroup;
			children = (
				DD4FA9F92A2BBF62008DD46D /* XibsComponents */,
				DD4FAA072A2C00BE008DD46D /* ProductDetail */,
				DD4FA9F72A2BBF0A008DD46D /* Animations */,
				DDB3C97B2A2BA80700D41F65 /* Buscador */,
				DDB3C9752A2BA43A00D41F65 /* Utils */,
				DDBCA86B2A2B9D1B00ACFB94 /* AppDelegate.swift */,
				DDBCA86D2A2B9D1B00ACFB94 /* SceneDelegate.swift */,
				DDBCA8712A2B9D1B00ACFB94 /* Main.storyboard */,
				DDBCA8742A2B9D1C00ACFB94 /* Assets.xcassets */,
				DDBCA8762A2B9D1C00ACFB94 /* LaunchScreen.storyboard */,
				DDBCA8792A2B9D1C00ACFB94 /* Info.plist */,
				DD4FA9EF2A2BB79E008DD46D /* Colors.xcassets */,
			);
			path = MercadoLibre;
			sourceTree = "<group>";
		};
		DDBCA8812A2B9D1C00ACFB94 /* MercadoLibreTests */ = {
			isa = PBXGroup;
			children = (
				DDE78FF12A2C3D4C00A578C3 /* Others */,
				DDE78FF02A2C3D4200A578C3 /* Views */,
				DDE78FEF2A2C3D3600A578C3 /* ViewModels */,
				DDE78FEE2A2C3D2900A578C3 /* Apiclients */,
			);
			path = MercadoLibreTests;
			sourceTree = "<group>";
		};
		DDBCA88B2A2B9D1C00ACFB94 /* MercadoLibreUITests */ = {
			isa = PBXGroup;
			children = (
				DDBCA88C2A2B9D1C00ACFB94 /* MercadoLibreUITests.swift */,
				DDBCA88E2A2B9D1C00ACFB94 /* MercadoLibreUITestsLaunchTests.swift */,
			);
			path = MercadoLibreUITests;
			sourceTree = "<group>";
		};
		DDE78FEE2A2C3D2900A578C3 /* Apiclients */ = {
			isa = PBXGroup;
			children = (
				DDBCA8822A2B9D1C00ACFB94 /* ApiClientTests.swift */,
				DD4FAA202A2C3445008DD46D /* APIClientProductsTest.swift */,
			);
			path = Apiclients;
			sourceTree = "<group>";
		};
		DDE78FEF2A2C3D3600A578C3 /* ViewModels */ = {
			isa = PBXGroup;
			children = (
				DDB3C9812A2BB44200D41F65 /* ViewModelBuscadorTest.swift */,
				DDE78FE52A2C36B900A578C3 /* ViewModelDetailTest.swift */,
			);
			path = ViewModels;
			sourceTree = "<group>";
		};
		DDE78FF02A2C3D4200A578C3 /* Views */ = {
			isa = PBXGroup;
			children = (
				DDE78FE72A2C377500A578C3 /* EmptyViewTest.swift */,
			);
			path = Views;
			sourceTree = "<group>";
		};
		DDE78FF12A2C3D4C00A578C3 /* Others */ = {
			isa = PBXGroup;
			children = (
				DDE78FE92A2C3BAE00A578C3 /* UtilsTest.swift */,
			);
			path = Others;
			sourceTree = "<group>";
		};
/* End PBXGroup section */

/* Begin PBXNativeTarget section */
		DDBCA8672A2B9D1B00ACFB94 /* MercadoLibre */ = {
			isa = PBXNativeTarget;
			buildConfigurationList = DDBCA8922A2B9D1C00ACFB94 /* Build configuration list for PBXNativeTarget "MercadoLibre" */;
			buildPhases = (
				DDBCA8642A2B9D1B00ACFB94 /* Sources */,
				DDBCA8652A2B9D1B00ACFB94 /* Frameworks */,
				DDBCA8662A2B9D1B00ACFB94 /* Resources */,
			);
			buildRules = (
			);
			dependencies = (
			);
			name = MercadoLibre;
			packageProductDependencies = (
				DDB3C9712A2BA41200D41F65 /* Alamofire */,
				DD4FA9F42A2BBD88008DD46D /* Lottie */,
				DDE78FEC2A2C3CD500A578C3 /* SDWebImage */,
			);
			productName = MercadoLibre;
			productReference = DDBCA8682A2B9D1B00ACFB94 /* MercadoLibre.app */;
			productType = "com.apple.product-type.application";
		};
		DDBCA87D2A2B9D1C00ACFB94 /* MercadoLibreTests */ = {
			isa = PBXNativeTarget;
			buildConfigurationList = DDBCA8952A2B9D1C00ACFB94 /* Build configuration list for PBXNativeTarget "MercadoLibreTests" */;
			buildPhases = (
				DDBCA87A2A2B9D1C00ACFB94 /* Sources */,
				DDBCA87B2A2B9D1C00ACFB94 /* Frameworks */,
				DDBCA87C2A2B9D1C00ACFB94 /* Resources */,
			);
			buildRules = (
			);
			dependencies = (
				DDBCA8802A2B9D1C00ACFB94 /* PBXTargetDependency */,
			);
			name = MercadoLibreTests;
			productName = MercadoLibreTests;
			productReference = DDBCA87E2A2B9D1C00ACFB94 /* MercadoLibreTests.xctest */;
			productType = "com.apple.product-type.bundle.unit-test";
		};
		DDBCA8872A2B9D1C00ACFB94 /* MercadoLibreUITests */ = {
			isa = PBXNativeTarget;
			buildConfigurationList = DDBCA8982A2B9D1C00ACFB94 /* Build configuration list for PBXNativeTarget "MercadoLibreUITests" */;
			buildPhases = (
				DDBCA8842A2B9D1C00ACFB94 /* Sources */,
				DDBCA8852A2B9D1C00ACFB94 /* Frameworks */,
				DDBCA8862A2B9D1C00ACFB94 /* Resources */,
			);
			buildRules = (
			);
			dependencies = (
				DDBCA88A2A2B9D1C00ACFB94 /* PBXTargetDependency */,
			);
			name = MercadoLibreUITests;
			productName = MercadoLibreUITests;
			productReference = DDBCA8882A2B9D1C00ACFB94 /* MercadoLibreUITests.xctest */;
			productType = "com.apple.product-type.bundle.ui-testing";
		};
/* End PBXNativeTarget section */

/* Begin PBXProject section */
		DDBCA8602A2B9D1B00ACFB94 /* Project object */ = {
			isa = PBXProject;
			attributes = {
				BuildIndependentTargetsInParallel = 1;
				LastSwiftUpdateCheck = 1430;
				LastUpgradeCheck = 1430;
				TargetAttributes = {
					DDBCA8672A2B9D1B00ACFB94 = {
						CreatedOnToolsVersion = 14.3;
					};
					DDBCA87D2A2B9D1C00ACFB94 = {
						CreatedOnToolsVersion = 14.3;
						TestTargetID = DDBCA8672A2B9D1B00ACFB94;
					};
					DDBCA8872A2B9D1C00ACFB94 = {
						CreatedOnToolsVersion = 14.3;
						TestTargetID = DDBCA8672A2B9D1B00ACFB94;
					};
				};
			};
			buildConfigurationList = DDBCA8632A2B9D1B00ACFB94 /* Build configuration list for PBXProject "MercadoLibre" */;
			compatibilityVersion = "Xcode 14.0";
			developmentRegion = en;
			hasScannedForEncodings = 0;
			knownRegions = (
				en,
				Base,
			);
			mainGroup = DDBCA85F2A2B9D1B00ACFB94;
			packageReferences = (
				DDB3C9702A2BA41200D41F65 /* XCRemoteSwiftPackageReference "Alamofire" */,
				DD4FA9F32A2BBD88008DD46D /* XCRemoteSwiftPackageReference "lottie-spm" */,
				DDE78FEB2A2C3CD500A578C3 /* XCRemoteSwiftPackageReference "SDWebImage" */,
			);
			productRefGroup = DDBCA8692A2B9D1B00ACFB94 /* Products */;
			projectDirPath = "";
			projectRoot = "";
			targets = (
				DDBCA8672A2B9D1B00ACFB94 /* MercadoLibre */,
				DDBCA87D2A2B9D1C00ACFB94 /* MercadoLibreTests */,
				DDBCA8872A2B9D1C00ACFB94 /* MercadoLibreUITests */,
			);
		};
/* End PBXProject section */

/* Begin PBXResourcesBuildPhase section */
		DDBCA8662A2B9D1B00ACFB94 /* Resources */ = {
			isa = PBXResourcesBuildPhase;
			buildActionMask = 2147483647;
			files = (
				DD4FAA022A2BDEB5008DD46D /* ProductsCell.xib in Resources */,
				DD4FA9F82A2BBF0A008DD46D /* Animations in Resources */,
				DDBCA8782A2B9D1C00ACFB94 /* LaunchScreen.storyboard in Resources */,
				DD4FA9F02A2BB79E008DD46D /* Colors.xcassets in Resources */,
				DDBCA8752A2B9D1C00ACFB94 /* Assets.xcassets in Resources */,
				DD4FAA0D2A2C0E94008DD46D /* ImagesCell.xib in Resources */,
				DD4FA9FB2A2BBFA8008DD46D /* EmptystateView.xib in Resources */,
				DDBCA8732A2B9D1B00ACFB94 /* Main.storyboard in Resources */,
			);
			runOnlyForDeploymentPostprocessing = 0;
		};
		DDBCA87C2A2B9D1C00ACFB94 /* Resources */ = {
			isa = PBXResourcesBuildPhase;
			buildActionMask = 2147483647;
			files = (
			);
			runOnlyForDeploymentPostprocessing = 0;
		};
		DDBCA8862A2B9D1C00ACFB94 /* Resources */ = {
			isa = PBXResourcesBuildPhase;
			buildActionMask = 2147483647;
			files = (
			);
			runOnlyForDeploymentPostprocessing = 0;
		};
/* End PBXResourcesBuildPhase section */

/* Begin PBXSourcesBuildPhase section */
		DDBCA8642A2B9D1B00ACFB94 /* Sources */ = {
			isa = PBXSourcesBuildPhase;
			buildActionMask = 2147483647;
			files = (
				DDB3C97D2A2BA82700D41F65 /* Buscador.swift in Sources */,
				DD4FA9FE2A2BC278008DD46D /* EmptyView.swift in Sources */,
				DD4FAA192A2C1611008DD46D /* ProductsViewModel.swift in Sources */,
				DD4FAA0B2A2C016B008DD46D /* Utils.swift in Sources */,
				DD4FAA112A2C1209008DD46D /* APIClientProducts.swift in Sources */,
				DD4FAA1C2A2C2353008DD46D /* ImagesCell.swift in Sources */,
				DDB3C9802A2BB35100D41F65 /* BuscadorViewModel.swift in Sources */,
				DDBCA8702A2B9D1B00ACFB94 /* BuscadorVC.swift in Sources */,
				DDBCA86C2A2B9D1B00ACFB94 /* AppDelegate.swift in Sources */,
				DDBCA86E2A2B9D1B00ACFB94 /* SceneDelegate.swift in Sources */,
				DDB3C9792A2BA4F500D41F65 /* APIClient.swift in Sources */,
				DD4FA9F22A2BBC51008DD46D /* EditViews.swift in Sources */,
				DD4FAA032A2BDEB5008DD46D /* ProductsCell.swift in Sources */,
				DD4FAA092A2C00E1008DD46D /* ProductDetail.swift in Sources */,
				DD4FAA162A2C1566008DD46D /* Description.swift in Sources */,
				DD4FAA142A2C1310008DD46D /* Products.swift in Sources */,
				DDB3C9742A2BA42B00D41F65 /* URLs.swift in Sources */,
			);
			runOnlyForDeploymentPostprocessing = 0;
		};
		DDBCA87A2A2B9D1C00ACFB94 /* Sources */ = {
			isa = PBXSourcesBuildPhase;
			buildActionMask = 2147483647;
			files = (
				DDB3C9822A2BB44200D41F65 /* ViewModelBuscadorTest.swift in Sources */,
				DDE78FEA2A2C3BAE00A578C3 /* UtilsTest.swift in Sources */,
				DDE78FE82A2C377500A578C3 /* EmptyViewTest.swift in Sources */,
				DD4FAA212A2C3445008DD46D /* APIClientProductsTest.swift in Sources */,
				DDBCA8832A2B9D1C00ACFB94 /* ApiClientTests.swift in Sources */,
				DDE78FE62A2C36B900A578C3 /* ViewModelDetailTest.swift in Sources */,
			);
			runOnlyForDeploymentPostprocessing = 0;
		};
		DDBCA8842A2B9D1C00ACFB94 /* Sources */ = {
			isa = PBXSourcesBuildPhase;
			buildActionMask = 2147483647;
			files = (
				DDBCA88D2A2B9D1C00ACFB94 /* MercadoLibreUITests.swift in Sources */,
				DDBCA88F2A2B9D1C00ACFB94 /* MercadoLibreUITestsLaunchTests.swift in Sources */,
			);
			runOnlyForDeploymentPostprocessing = 0;
		};
/* End PBXSourcesBuildPhase section */

/* Begin PBXTargetDependency section */
		DDBCA8802A2B9D1C00ACFB94 /* PBXTargetDependency */ = {
			isa = PBXTargetDependency;
			target = DDBCA8672A2B9D1B00ACFB94 /* MercadoLibre */;
			targetProxy = DDBCA87F2A2B9D1C00ACFB94 /* PBXContainerItemProxy */;
		};
		DDBCA88A2A2B9D1C00ACFB94 /* PBXTargetDependency */ = {
			isa = PBXTargetDependency;
			target = DDBCA8672A2B9D1B00ACFB94 /* MercadoLibre */;
			targetProxy = DDBCA8892A2B9D1C00ACFB94 /* PBXContainerItemProxy */;
		};
/* End PBXTargetDependency section */

/* Begin PBXVariantGroup section */
		DDBCA8712A2B9D1B00ACFB94 /* Main.storyboard */ = {
			isa = PBXVariantGroup;
			children = (
				DDBCA8722A2B9D1B00ACFB94 /* Base */,
			);
			name = Main.storyboard;
			sourceTree = "<group>";
		};
		DDBCA8762A2B9D1C00ACFB94 /* LaunchScreen.storyboard */ = {
			isa = PBXVariantGroup;
			children = (
				DDBCA8772A2B9D1C00ACFB94 /* Base */,
			);
			name = LaunchScreen.storyboard;
			sourceTree = "<group>";
		};
/* End PBXVariantGroup section */

/* Begin XCBuildConfiguration section */
		DDBCA8902A2B9D1C00ACFB94 /* Debug */ = {
			isa = XCBuildConfiguration;
			buildSettings = {
				ALWAYS_SEARCH_USER_PATHS = NO;
				CLANG_ANALYZER_NONNULL = YES;
				CLANG_ANALYZER_NUMBER_OBJECT_CONVERSION = YES_AGGRESSIVE;
				CLANG_CXX_LANGUAGE_STANDARD = "gnu++20";
				CLANG_ENABLE_MODULES = YES;
				CLANG_ENABLE_OBJC_ARC = YES;
				CLANG_ENABLE_OBJC_WEAK = YES;
				CLANG_WARN_BLOCK_CAPTURE_AUTORELEASING = YES;
				CLANG_WARN_BOOL_CONVERSION = YES;
				CLANG_WARN_COMMA = YES;
				CLANG_WARN_CONSTANT_CONVERSION = YES;
				CLANG_WARN_DEPRECATED_OBJC_IMPLEMENTATIONS = YES;
				CLANG_WARN_DIRECT_OBJC_ISA_USAGE = YES_ERROR;
				CLANG_WARN_DOCUMENTATION_COMMENTS = YES;
				CLANG_WARN_EMPTY_BODY = YES;
				CLANG_WARN_ENUM_CONVERSION = YES;
				CLANG_WARN_INFINITE_RECURSION = YES;
				CLANG_WARN_INT_CONVERSION = YES;
				CLANG_WARN_NON_LITERAL_NULL_CONVERSION = YES;
				CLANG_WARN_OBJC_IMPLICIT_RETAIN_SELF = YES;
				CLANG_WARN_OBJC_LITERAL_CONVERSION = YES;
				CLANG_WARN_OBJC_ROOT_CLASS = YES_ERROR;
				CLANG_WARN_QUOTED_INCLUDE_IN_FRAMEWORK_HEADER = YES;
				CLANG_WARN_RANGE_LOOP_ANALYSIS = YES;
				CLANG_WARN_STRICT_PROTOTYPES = YES;
				CLANG_WARN_SUSPICIOUS_MOVE = YES;
				CLANG_WARN_UNGUARDED_AVAILABILITY = YES_AGGRESSIVE;
				CLANG_WARN_UNREACHABLE_CODE = YES;
				CLANG_WARN__DUPLICATE_METHOD_MATCH = YES;
				COPY_PHASE_STRIP = NO;
				DEBUG_INFORMATION_FORMAT = dwarf;
				ENABLE_STRICT_OBJC_MSGSEND = YES;
				ENABLE_TESTABILITY = YES;
				GCC_C_LANGUAGE_STANDARD = gnu11;
				GCC_DYNAMIC_NO_PIC = NO;
				GCC_NO_COMMON_BLOCKS = YES;
				GCC_OPTIMIZATION_LEVEL = 0;
				GCC_PREPROCESSOR_DEFINITIONS = (
					"DEBUG=1",
					"$(inherited)",
				);
				GCC_WARN_64_TO_32_BIT_CONVERSION = YES;
				GCC_WARN_ABOUT_RETURN_TYPE = YES_ERROR;
				GCC_WARN_UNDECLARED_SELECTOR = YES;
				GCC_WARN_UNINITIALIZED_AUTOS = YES_AGGRESSIVE;
				GCC_WARN_UNUSED_FUNCTION = YES;
				GCC_WARN_UNUSED_VARIABLE = YES;
				IPHONEOS_DEPLOYMENT_TARGET = 16.4;
				MTL_ENABLE_DEBUG_INFO = INCLUDE_SOURCE;
				MTL_FAST_MATH = YES;
				ONLY_ACTIVE_ARCH = YES;
				SDKROOT = iphoneos;
				SWIFT_ACTIVE_COMPILATION_CONDITIONS = DEBUG;
				SWIFT_OPTIMIZATION_LEVEL = "-Onone";
			};
			name = Debug;
		};
		DDBCA8912A2B9D1C00ACFB94 /* Release */ = {
			isa = XCBuildConfiguration;
			buildSettings = {
				ALWAYS_SEARCH_USER_PATHS = NO;
				CLANG_ANALYZER_NONNULL = YES;
				CLANG_ANALYZER_NUMBER_OBJECT_CONVERSION = YES_AGGRESSIVE;
				CLANG_CXX_LANGUAGE_STANDARD = "gnu++20";
				CLANG_ENABLE_MODULES = YES;
				CLANG_ENABLE_OBJC_ARC = YES;
				CLANG_ENABLE_OBJC_WEAK = YES;
				CLANG_WARN_BLOCK_CAPTURE_AUTORELEASING = YES;
				CLANG_WARN_BOOL_CONVERSION = YES;
				CLANG_WARN_COMMA = YES;
				CLANG_WARN_CONSTANT_CONVERSION = YES;
				CLANG_WARN_DEPRECATED_OBJC_IMPLEMENTATIONS = YES;
				CLANG_WARN_DIRECT_OBJC_ISA_USAGE = YES_ERROR;
				CLANG_WARN_DOCUMENTATION_COMMENTS = YES;
				CLANG_WARN_EMPTY_BODY = YES;
				CLANG_WARN_ENUM_CONVERSION = YES;
				CLANG_WARN_INFINITE_RECURSION = YES;
				CLANG_WARN_INT_CONVERSION = YES;
				CLANG_WARN_NON_LITERAL_NULL_CONVERSION = YES;
				CLANG_WARN_OBJC_IMPLICIT_RETAIN_SELF = YES;
				CLANG_WARN_OBJC_LITERAL_CONVERSION = YES;
				CLANG_WARN_OBJC_ROOT_CLASS = YES_ERROR;
				CLANG_WARN_QUOTED_INCLUDE_IN_FRAMEWORK_HEADER = YES;
				CLANG_WARN_RANGE_LOOP_ANALYSIS = YES;
				CLANG_WARN_STRICT_PROTOTYPES = YES;
				CLANG_WARN_SUSPICIOUS_MOVE = YES;
				CLANG_WARN_UNGUARDED_AVAILABILITY = YES_AGGRESSIVE;
				CLANG_WARN_UNREACHABLE_CODE = YES;
				CLANG_WARN__DUPLICATE_METHOD_MATCH = YES;
				COPY_PHASE_STRIP = NO;
				DEBUG_INFORMATION_FORMAT = "dwarf-with-dsym";
				ENABLE_NS_ASSERTIONS = NO;
				ENABLE_STRICT_OBJC_MSGSEND = YES;
				GCC_C_LANGUAGE_STANDARD = gnu11;
				GCC_NO_COMMON_BLOCKS = YES;
				GCC_WARN_64_TO_32_BIT_CONVERSION = YES;
				GCC_WARN_ABOUT_RETURN_TYPE = YES_ERROR;
				GCC_WARN_UNDECLARED_SELECTOR = YES;
				GCC_WARN_UNINITIALIZED_AUTOS = YES_AGGRESSIVE;
				GCC_WARN_UNUSED_FUNCTION = YES;
				GCC_WARN_UNUSED_VARIABLE = YES;
				IPHONEOS_DEPLOYMENT_TARGET = 16.4;
				MTL_ENABLE_DEBUG_INFO = NO;
				MTL_FAST_MATH = YES;
				SDKROOT = iphoneos;
				SWIFT_COMPILATION_MODE = wholemodule;
				SWIFT_OPTIMIZATION_LEVEL = "-O";
				VALIDATE_PRODUCT = YES;
			};
			name = Release;
		};
		DDBCA8932A2B9D1C00ACFB94 /* Debug */ = {
			isa = XCBuildConfiguration;
			buildSettings = {
				ASSETCATALOG_COMPILER_APPICON_NAME = AppIcon;
				ASSETCATALOG_COMPILER_GLOBAL_ACCENT_COLOR_NAME = AccentColor;
				CODE_SIGN_STYLE = Automatic;
				CURRENT_PROJECT_VERSION = 1;
				GENERATE_INFOPLIST_FILE = YES;
				INFOPLIST_FILE = MercadoLibre/Info.plist;
				INFOPLIST_KEY_CFBundleDisplayName = "Mercado Libre";
				INFOPLIST_KEY_UIApplicationSupportsIndirectInputEvents = YES;
				INFOPLIST_KEY_UILaunchStoryboardName = LaunchScreen;
				INFOPLIST_KEY_UIMainStoryboardFile = Main;
				INFOPLIST_KEY_UISupportedInterfaceOrientations_iPad = "UIInterfaceOrientationPortrait UIInterfaceOrientationPortraitUpsideDown UIInterfaceOrientationLandscapeLeft UIInterfaceOrientationLandscapeRight";
				INFOPLIST_KEY_UISupportedInterfaceOrientations_iPhone = "UIInterfaceOrientationPortrait UIInterfaceOrientationLandscapeLeft UIInterfaceOrientationLandscapeRight";
				LD_RUNPATH_SEARCH_PATHS = (
					"$(inherited)",
					"@executable_path/Frameworks",
				);
				MARKETING_VERSION = 1.0;
				PRODUCT_BUNDLE_IDENTIFIER = com.Chris.MercadoLibre;
				PRODUCT_NAME = "$(TARGET_NAME)";
				SWIFT_EMIT_LOC_STRINGS = YES;
				SWIFT_VERSION = 5.0;
				TARGETED_DEVICE_FAMILY = "1,2";
			};
			name = Debug;
		};
		DDBCA8942A2B9D1C00ACFB94 /* Release */ = {
			isa = XCBuildConfiguration;
			buildSettings = {
				ASSETCATALOG_COMPILER_APPICON_NAME = AppIcon;
				ASSETCATALOG_COMPILER_GLOBAL_ACCENT_COLOR_NAME = AccentColor;
				CODE_SIGN_STYLE = Automatic;
				CURRENT_PROJECT_VERSION = 1;
				GENERATE_INFOPLIST_FILE = YES;
				INFOPLIST_FILE = MercadoLibre/Info.plist;
				INFOPLIST_KEY_CFBundleDisplayName = "Mercado Libre";
				INFOPLIST_KEY_UIApplicationSupportsIndirectInputEvents = YES;
				INFOPLIST_KEY_UILaunchStoryboardName = LaunchScreen;
				INFOPLIST_KEY_UIMainStoryboardFile = Main;
				INFOPLIST_KEY_UISupportedInterfaceOrientations_iPad = "UIInterfaceOrientationPortrait UIInterfaceOrientationPortraitUpsideDown UIInterfaceOrientationLandscapeLeft UIInterfaceOrientationLandscapeRight";
				INFOPLIST_KEY_UISupportedInterfaceOrientations_iPhone = "UIInterfaceOrientationPortrait UIInterfaceOrientationLandscapeLeft UIInterfaceOrientationLandscapeRight";
				LD_RUNPATH_SEARCH_PATHS = (
					"$(inherited)",
					"@executable_path/Frameworks",
				);
				MARKETING_VERSION = 1.0;
				PRODUCT_BUNDLE_IDENTIFIER = com.Chris.MercadoLibre;
				PRODUCT_NAME = "$(TARGET_NAME)";
				SWIFT_EMIT_LOC_STRINGS = YES;
				SWIFT_VERSION = 5.0;
				TARGETED_DEVICE_FAMILY = "1,2";
			};
			name = Release;
		};
		DDBCA8962A2B9D1C00ACFB94 /* Debug */ = {
			isa = XCBuildConfiguration;
			buildSettings = {
				ALWAYS_EMBED_SWIFT_STANDARD_LIBRARIES = YES;
				BUNDLE_LOADER = "$(TEST_HOST)";
				CODE_SIGN_STYLE = Automatic;
				CURRENT_PROJECT_VERSION = 1;
				GENERATE_INFOPLIST_FILE = YES;
				IPHONEOS_DEPLOYMENT_TARGET = 16.4;
				MARKETING_VERSION = 1.0;
				PRODUCT_BUNDLE_IDENTIFIER = com.Chris.MercadoLibreTests;
				PRODUCT_NAME = "$(TARGET_NAME)";
				SWIFT_EMIT_LOC_STRINGS = NO;
				SWIFT_VERSION = 5.0;
				TARGETED_DEVICE_FAMILY = "1,2";
				TEST_HOST = "$(BUILT_PRODUCTS_DIR)/MercadoLibre.app/$(BUNDLE_EXECUTABLE_FOLDER_PATH)/MercadoLibre";
			};
			name = Debug;
		};
		DDBCA8972A2B9D1C00ACFB94 /* Release */ = {
			isa = XCBuildConfiguration;
			buildSettings = {
				ALWAYS_EMBED_SWIFT_STANDARD_LIBRARIES = YES;
				BUNDLE_LOADER = "$(TEST_HOST)";
				CODE_SIGN_STYLE = Automatic;
				CURRENT_PROJECT_VERSION = 1;
				GENERATE_INFOPLIST_FILE = YES;
				IPHONEOS_DEPLOYMENT_TARGET = 16.4;
				MARKETING_VERSION = 1.0;
				PRODUCT_BUNDLE_IDENTIFIER = com.Chris.MercadoLibreTests;
				PRODUCT_NAME = "$(TARGET_NAME)";
				SWIFT_EMIT_LOC_STRINGS = NO;
				SWIFT_VERSION = 5.0;
				TARGETED_DEVICE_FAMILY = "1,2";
				TEST_HOST = "$(BUILT_PRODUCTS_DIR)/MercadoLibre.app/$(BUNDLE_EXECUTABLE_FOLDER_PATH)/MercadoLibre";
			};
			name = Release;
		};
		DDBCA8992A2B9D1C00ACFB94 /* Debug */ = {
			isa = XCBuildConfiguration;
			buildSettings = {
				ALWAYS_EMBED_SWIFT_STANDARD_LIBRARIES = YES;
				CODE_SIGN_STYLE = Automatic;
				CURRENT_PROJECT_VERSION = 1;
				GENERATE_INFOPLIST_FILE = YES;
				MARKETING_VERSION = 1.0;
				PRODUCT_BUNDLE_IDENTIFIER = com.Chris.MercadoLibreUITests;
				PRODUCT_NAME = "$(TARGET_NAME)";
				SWIFT_EMIT_LOC_STRINGS = NO;
				SWIFT_VERSION = 5.0;
				TARGETED_DEVICE_FAMILY = "1,2";
				TEST_TARGET_NAME = MercadoLibre;
			};
			name = Debug;
		};
		DDBCA89A2A2B9D1C00ACFB94 /* Release */ = {
			isa = XCBuildConfiguration;
			buildSettings = {
				ALWAYS_EMBED_SWIFT_STANDARD_LIBRARIES = YES;
				CODE_SIGN_STYLE = Automatic;
				CURRENT_PROJECT_VERSION = 1;
				GENERATE_INFOPLIST_FILE = YES;
				MARKETING_VERSION = 1.0;
				PRODUCT_BUNDLE_IDENTIFIER = com.Chris.MercadoLibreUITests;
				PRODUCT_NAME = "$(TARGET_NAME)";
				SWIFT_EMIT_LOC_STRINGS = NO;
				SWIFT_VERSION = 5.0;
				TARGETED_DEVICE_FAMILY = "1,2";
				TEST_TARGET_NAME = MercadoLibre;
			};
			name = Release;
		};
/* End XCBuildConfiguration section */

/* Begin XCConfigurationList section */
		DDBCA8632A2B9D1B00ACFB94 /* Build configuration list for PBXProject "MercadoLibre" */ = {
			isa = XCConfigurationList;
			buildConfigurations = (
				DDBCA8902A2B9D1C00ACFB94 /* Debug */,
				DDBCA8912A2B9D1C00ACFB94 /* Release */,
			);
			defaultConfigurationIsVisible = 0;
			defaultConfigurationName = Release;
		};
		DDBCA8922A2B9D1C00ACFB94 /* Build configuration list for PBXNativeTarget "MercadoLibre" */ = {
			isa = XCConfigurationList;
			buildConfigurations = (
				DDBCA8932A2B9D1C00ACFB94 /* Debug */,
				DDBCA8942A2B9D1C00ACFB94 /* Release */,
			);
			defaultConfigurationIsVisible = 0;
			defaultConfigurationName = Release;
		};
		DDBCA8952A2B9D1C00ACFB94 /* Build configuration list for PBXNativeTarget "MercadoLibreTests" */ = {
			isa = XCConfigurationList;
			buildConfigurations = (
				DDBCA8962A2B9D1C00ACFB94 /* Debug */,
				DDBCA8972A2B9D1C00ACFB94 /* Release */,
			);
			defaultConfigurationIsVisible = 0;
			defaultConfigurationName = Release;
		};
		DDBCA8982A2B9D1C00ACFB94 /* Build configuration list for PBXNativeTarget "MercadoLibreUITests" */ = {
			isa = XCConfigurationList;
			buildConfigurations = (
				DDBCA8992A2B9D1C00ACFB94 /* Debug */,
				DDBCA89A2A2B9D1C00ACFB94 /* Release */,
			);
			defaultConfigurationIsVisible = 0;
			defaultConfigurationName = Release;
		};
/* End XCConfigurationList section */

/* Begin XCRemoteSwiftPackageReference section */
		DD4FA9F32A2BBD88008DD46D /* XCRemoteSwiftPackageReference "lottie-spm" */ = {
			isa = XCRemoteSwiftPackageReference;
			repositoryURL = "https://github.com/airbnb/lottie-spm.git";
			requirement = {
				kind = upToNextMajorVersion;
				minimumVersion = 4.0.0;
			};
		};
		DDB3C9702A2BA41200D41F65 /* XCRemoteSwiftPackageReference "Alamofire" */ = {
			isa = XCRemoteSwiftPackageReference;
			repositoryURL = "https://github.com/Alamofire/Alamofire";
			requirement = {
				kind = upToNextMajorVersion;
				minimumVersion = 5.0.0;
			};
		};
		DDE78FEB2A2C3CD500A578C3 /* XCRemoteSwiftPackageReference "SDWebImage" */ = {
			isa = XCRemoteSwiftPackageReference;
			repositoryURL = "https://github.com/SDWebImage/SDWebImage";
			requirement = {
				kind = upToNextMajorVersion;
				minimumVersion = 5.0.0;
			};
		};
/* End XCRemoteSwiftPackageReference section */

/* Begin XCSwiftPackageProductDependency section */
		DD4FA9F42A2BBD88008DD46D /* Lottie */ = {
			isa = XCSwiftPackageProductDependency;
			package = DD4FA9F32A2BBD88008DD46D /* XCRemoteSwiftPackageReference "lottie-spm" */;
			productName = Lottie;
		};
		DDB3C9712A2BA41200D41F65 /* Alamofire */ = {
			isa = XCSwiftPackageProductDependency;
			package = DDB3C9702A2BA41200D41F65 /* XCRemoteSwiftPackageReference "Alamofire" */;
			productName = Alamofire;
		};
		DDE78FEC2A2C3CD500A578C3 /* SDWebImage */ = {
			isa = XCSwiftPackageProductDependency;
			package = DDE78FEB2A2C3CD500A578C3 /* XCRemoteSwiftPackageReference "SDWebImage" */;
			productName = SDWebImage;
		};
/* End XCSwiftPackageProductDependency section */
	};
	rootObject = DDBCA8602A2B9D1B00ACFB94 /* Project object */;
}
